
Microsoft Visual Studio Solution File, Format Version 12.00
# Visual Studio Version 17
VisualStudioVersion = 17.13.35913.81 d17.13
MinimumVisualStudioVersion = 10.0.40219.1
Project("{FAE04EC0-301F-11D3-BF4B-00C04F79EFBC}") = "D13 oefeningenSRT", "D13 oefeningenSRT\D13 oefeningenSRT.csproj", "{FE7FD6CA-F454-42BF-92EF-1DEA256565C0}"
EndProject
Global
	GlobalSection(SolutionConfigurationPlatforms) = preSolution
		Debug|Any CPU = Debug|Any CPU
		Release|Any CPU = Release|Any CPU
	EndGlobalSection
	GlobalSection(ProjectConfigurationPlatforms) = postSolution
		{FE7FD6CA-F454-42BF-92EF-1DEA256565C0}.Debug|Any CPU.ActiveCfg = Debug|Any CPU
		{FE7FD6CA-F454-42BF-92EF-1DEA256565C0}.Debug|Any CPU.Build.0 = Debug|Any CPU
		{FE7FD6CA-F454-42BF-92EF-1DEA256565C0}.Release|Any CPU.ActiveCfg = Release|Any CPU
		{FE7FD6CA-F454-42BF-92EF-1DEA256565C0}.Release|Any CPU.Build.0 = Release|Any CPU
	EndGlobalSection
	GlobalSection(SolutionProperties) = preSolution
		HideSolutionNode = FALSE
	EndGlobalSection
	GlobalSection(ExtensibilityGlobals) = postSolution
		SolutionGuid = {6C179F93-227A-4930-B1C3-9A4596F9C89C}
	EndGlobalSection
EndGlobal
