
Microsoft Visual Studio Solution File, Format Version 12.00
# Visual Studio Version 17
VisualStudioVersion = 17.13.35913.81 d17.13
MinimumVisualStudioVersion = 10.0.40219.1
Project("{FAE04EC0-301F-11D3-BF4B-00C04F79EFBC}") = "stackenqueue", "stackenqueue\stackenqueue.csproj", "{6BF19BE5-F32C-4CF2-BFBC-A0C9466A5416}"
EndProject
Global
	GlobalSection(SolutionConfigurationPlatforms) = preSolution
		Debug|Any CPU = Debug|Any CPU
		Release|Any CPU = Release|Any CPU
	EndGlobalSection
	GlobalSection(ProjectConfigurationPlatforms) = postSolution
		{6BF19BE5-F32C-4CF2-BFBC-A0C9466A5416}.Debug|Any CPU.ActiveCfg = Debug|Any CPU
		{6BF19BE5-F32C-4CF2-BFBC-A0C9466A5416}.Debug|Any CPU.Build.0 = Debug|Any CPU
		{6BF19BE5-F32C-4CF2-BFBC-A0C9466A5416}.Release|Any CPU.ActiveCfg = Release|Any CPU
		{6BF19BE5-F32C-4CF2-BFBC-A0C9466A5416}.Release|Any CPU.Build.0 = Release|Any CPU
	EndGlobalSection
	GlobalSection(SolutionProperties) = preSolution
		HideSolutionNode = FALSE
	EndGlobalSection
	GlobalSection(ExtensibilityGlobals) = postSolution
		SolutionGuid = {F174C977-5136-4FE1-829E-C04130457D96}
	EndGlobalSection
EndGlobal
